
Microsoft Visual Studio Solution File, Format Version 12.00
# Visual Studio 15
VisualStudioVersion = 15.0.27004.2009
MinimumVisualStudioVersion = 10.0.40219.1
Project("{FAE04EC0-301F-11D3-BF4B-00C04F79EFBC}") = "PrintEachLine", "PrintEachLine\PrintEachLine.csproj", "{CE2D76B8-BCF7-4D01-A2DB-2DF6EE3AD031}"
EndProject
Global
	GlobalSection(SolutionConfigurationPlatforms) = preSolution
		Debug|Any CPU = Debug|Any CPU
		Release|Any CPU = Release|Any CPU
	EndGlobalSection
	GlobalSection(ProjectConfigurationPlatforms) = postSolution
		{CE2D76B8-BCF7-4D01-A2DB-2DF6EE3AD031}.Debug|Any CPU.ActiveCfg = Debug|Any CPU
		{CE2D76B8-BCF7-4D01-A2DB-2DF6EE3AD031}.Debug|Any CPU.Build.0 = Debug|Any CPU
		{CE2D76B8-BCF7-4D01-A2DB-2DF6EE3AD031}.Release|Any CPU.ActiveCfg = Release|Any CPU
		{CE2D76B8-BCF7-4D01-A2DB-2DF6EE3AD031}.Release|Any CPU.Build.0 = Release|Any CPU
	EndGlobalSection
	GlobalSection(SolutionProperties) = preSolution
		HideSolutionNode = FALSE
	EndGlobalSection
	GlobalSection(ExtensibilityGlobals) = postSolution
		SolutionGuid = {CD59435C-E9EA-4148-A70F-E6907A54E9CF}
	EndGlobalSection
EndGlobal
