
Microsoft Visual Studio Solution File, Format Version 12.00
# Visual Studio 15
VisualStudioVersion = 15.0.27004.2009
MinimumVisualStudioVersion = 10.0.40219.1
Project("{FAE04EC0-301F-11D3-BF4B-00C04F79EFBC}") = "OddEven", "OddEven\OddEven.csproj", "{EAF1DA85-06DE-462B-86D9-B6BBEEB1170C}"
EndProject
Global
	GlobalSection(SolutionConfigurationPlatforms) = preSolution
		Debug|Any CPU = Debug|Any CPU
		Release|Any CPU = Release|Any CPU
	EndGlobalSection
	GlobalSection(ProjectConfigurationPlatforms) = postSolution
		{EAF1DA85-06DE-462B-86D9-B6BBEEB1170C}.Debug|Any CPU.ActiveCfg = Debug|Any CPU
		{EAF1DA85-06DE-462B-86D9-B6BBEEB1170C}.Debug|Any CPU.Build.0 = Debug|Any CPU
		{EAF1DA85-06DE-462B-86D9-B6BBEEB1170C}.Release|Any CPU.ActiveCfg = Release|Any CPU
		{EAF1DA85-06DE-462B-86D9-B6BBEEB1170C}.Release|Any CPU.Build.0 = Release|Any CPU
	EndGlobalSection
	GlobalSection(SolutionProperties) = preSolution
		HideSolutionNode = FALSE
	EndGlobalSection
	GlobalSection(ExtensibilityGlobals) = postSolution
		SolutionGuid = {A42EF807-5F74-4DCC-B7C2-25BD01750E1E}
	EndGlobalSection
EndGlobal
