
Microsoft Visual Studio Solution File, Format Version 12.00
# Visual Studio 15
VisualStudioVersion = 15.0.27004.2009
MinimumVisualStudioVersion = 10.0.40219.1
Project("{FAE04EC0-301F-11D3-BF4B-00C04F79EFBC}") = "HelloMe", "HelloMe\HelloMe.csproj", "{2BC04510-B38D-4B7D-BF4B-C16E11840CB9}"
EndProject
Global
	GlobalSection(SolutionConfigurationPlatforms) = preSolution
		Debug|Any CPU = Debug|Any CPU
		Release|Any CPU = Release|Any CPU
	EndGlobalSection
	GlobalSection(ProjectConfigurationPlatforms) = postSolution
		{2BC04510-B38D-4B7D-BF4B-C16E11840CB9}.Debug|Any CPU.ActiveCfg = Debug|Any CPU
		{2BC04510-B38D-4B7D-BF4B-C16E11840CB9}.Debug|Any CPU.Build.0 = Debug|Any CPU
		{2BC04510-B38D-4B7D-BF4B-C16E11840CB9}.Release|Any CPU.ActiveCfg = Release|Any CPU
		{2BC04510-B38D-4B7D-BF4B-C16E11840CB9}.Release|Any CPU.Build.0 = Release|Any CPU
	EndGlobalSection
	GlobalSection(SolutionProperties) = preSolution
		HideSolutionNode = FALSE
	EndGlobalSection
	GlobalSection(ExtensibilityGlobals) = postSolution
		SolutionGuid = {281B5E3F-9E01-4B2B-AD62-3C6847EC4421}
	EndGlobalSection
EndGlobal
