
Microsoft Visual Studio Solution File, Format Version 12.00
# Visual Studio 15
VisualStudioVersion = 15.0.27004.2009
MinimumVisualStudioVersion = 10.0.40219.1
Project("{FAE04EC0-301F-11D3-BF4B-00C04F79EFBC}") = "FizzBuzz", "FizzBuzz\FizzBuzz.csproj", "{873F2AA2-6E1E-4738-BD7A-364E0723022E}"
EndProject
Global
	GlobalSection(SolutionConfigurationPlatforms) = preSolution
		Debug|Any CPU = Debug|Any CPU
		Release|Any CPU = Release|Any CPU
	EndGlobalSection
	GlobalSection(ProjectConfigurationPlatforms) = postSolution
		{873F2AA2-6E1E-4738-BD7A-364E0723022E}.Debug|Any CPU.ActiveCfg = Debug|Any CPU
		{873F2AA2-6E1E-4738-BD7A-364E0723022E}.Debug|Any CPU.Build.0 = Debug|Any CPU
		{873F2AA2-6E1E-4738-BD7A-364E0723022E}.Release|Any CPU.ActiveCfg = Release|Any CPU
		{873F2AA2-6E1E-4738-BD7A-364E0723022E}.Release|Any CPU.Build.0 = Release|Any CPU
	EndGlobalSection
	GlobalSection(SolutionProperties) = preSolution
		HideSolutionNode = FALSE
	EndGlobalSection
	GlobalSection(ExtensibilityGlobals) = postSolution
		SolutionGuid = {012F2FED-5523-4670-A45D-83826DAA8E84}
	EndGlobalSection
EndGlobal
