
Microsoft Visual Studio Solution File, Format Version 12.00
# Visual Studio 15
VisualStudioVersion = 15.0.27004.2009
MinimumVisualStudioVersion = 10.0.40219.1
Project("{FAE04EC0-301F-11D3-BF4B-00C04F79EFBC}") = "PostIT", "PostIT\PostIT.csproj", "{7BD6B63F-7E38-49B4-90CE-211E4AFFF519}"
EndProject
Global
	GlobalSection(SolutionConfigurationPlatforms) = preSolution
		Debug|Any CPU = Debug|Any CPU
		Release|Any CPU = Release|Any CPU
	EndGlobalSection
	GlobalSection(ProjectConfigurationPlatforms) = postSolution
		{7BD6B63F-7E38-49B4-90CE-211E4AFFF519}.Debug|Any CPU.ActiveCfg = Debug|Any CPU
		{7BD6B63F-7E38-49B4-90CE-211E4AFFF519}.Debug|Any CPU.Build.0 = Debug|Any CPU
		{7BD6B63F-7E38-49B4-90CE-211E4AFFF519}.Release|Any CPU.ActiveCfg = Release|Any CPU
		{7BD6B63F-7E38-49B4-90CE-211E4AFFF519}.Release|Any CPU.Build.0 = Release|Any CPU
	EndGlobalSection
	GlobalSection(SolutionProperties) = preSolution
		HideSolutionNode = FALSE
	EndGlobalSection
	GlobalSection(ExtensibilityGlobals) = postSolution
		SolutionGuid = {CDC2A552-F4BC-4121-B17F-6C2E20A4E18E}
	EndGlobalSection
EndGlobal
