
Microsoft Visual Studio Solution File, Format Version 12.00
# Visual Studio 15
VisualStudioVersion = 15.0.27004.2009
MinimumVisualStudioVersion = 10.0.40219.1
Project("{FAE04EC0-301F-11D3-BF4B-00C04F79EFBC}") = "DrawTriangle", "DrawTriangle\DrawTriangle.csproj", "{5D445316-6188-49D6-A6DC-B22D7090E325}"
EndProject
Global
	GlobalSection(SolutionConfigurationPlatforms) = preSolution
		Debug|Any CPU = Debug|Any CPU
		Release|Any CPU = Release|Any CPU
	EndGlobalSection
	GlobalSection(ProjectConfigurationPlatforms) = postSolution
		{5D445316-6188-49D6-A6DC-B22D7090E325}.Debug|Any CPU.ActiveCfg = Debug|Any CPU
		{5D445316-6188-49D6-A6DC-B22D7090E325}.Debug|Any CPU.Build.0 = Debug|Any CPU
		{5D445316-6188-49D6-A6DC-B22D7090E325}.Release|Any CPU.ActiveCfg = Release|Any CPU
		{5D445316-6188-49D6-A6DC-B22D7090E325}.Release|Any CPU.Build.0 = Release|Any CPU
	EndGlobalSection
	GlobalSection(SolutionProperties) = preSolution
		HideSolutionNode = FALSE
	EndGlobalSection
	GlobalSection(ExtensibilityGlobals) = postSolution
		SolutionGuid = {205F3B29-4504-4895-A481-849A3A987109}
	EndGlobalSection
EndGlobal
