
Microsoft Visual Studio Solution File, Format Version 12.00
# Visual Studio 15
VisualStudioVersion = 15.0.27004.2009
MinimumVisualStudioVersion = 10.0.40219.1
Project("{FAE04EC0-301F-11D3-BF4B-00C04F79EFBC}") = "CenteredSquare", "CenteredSquare\CenteredSquare.csproj", "{CBBF1433-6916-4968-9AC1-BEFC607CD069}"
EndProject
Global
	GlobalSection(SolutionConfigurationPlatforms) = preSolution
		Debug|Any CPU = Debug|Any CPU
		Release|Any CPU = Release|Any CPU
	EndGlobalSection
	GlobalSection(ProjectConfigurationPlatforms) = postSolution
		{CBBF1433-6916-4968-9AC1-BEFC607CD069}.Debug|Any CPU.ActiveCfg = Debug|Any CPU
		{CBBF1433-6916-4968-9AC1-BEFC607CD069}.Debug|Any CPU.Build.0 = Debug|Any CPU
		{CBBF1433-6916-4968-9AC1-BEFC607CD069}.Release|Any CPU.ActiveCfg = Release|Any CPU
		{CBBF1433-6916-4968-9AC1-BEFC607CD069}.Release|Any CPU.Build.0 = Release|Any CPU
	EndGlobalSection
	GlobalSection(SolutionProperties) = preSolution
		HideSolutionNode = FALSE
	EndGlobalSection
	GlobalSection(ExtensibilityGlobals) = postSolution
		SolutionGuid = {A20E7B2A-D339-4E5C-914E-DF4BCFF36F39}
	EndGlobalSection
EndGlobal
