
Microsoft Visual Studio Solution File, Format Version 12.00
# Visual Studio 15
VisualStudioVersion = 15.0.27004.2009
MinimumVisualStudioVersion = 10.0.40219.1
Project("{FAE04EC0-301F-11D3-BF4B-00C04F79EFBC}") = "Power", "Power\Power.csproj", "{C0BBEB99-8288-477A-9E53-9AF897AF10D4}"
EndProject
Global
	GlobalSection(SolutionConfigurationPlatforms) = preSolution
		Debug|Any CPU = Debug|Any CPU
		Release|Any CPU = Release|Any CPU
	EndGlobalSection
	GlobalSection(ProjectConfigurationPlatforms) = postSolution
		{C0BBEB99-8288-477A-9E53-9AF897AF10D4}.Debug|Any CPU.ActiveCfg = Debug|Any CPU
		{C0BBEB99-8288-477A-9E53-9AF897AF10D4}.Debug|Any CPU.Build.0 = Debug|Any CPU
		{C0BBEB99-8288-477A-9E53-9AF897AF10D4}.Release|Any CPU.ActiveCfg = Release|Any CPU
		{C0BBEB99-8288-477A-9E53-9AF897AF10D4}.Release|Any CPU.Build.0 = Release|Any CPU
	EndGlobalSection
	GlobalSection(SolutionProperties) = preSolution
		HideSolutionNode = FALSE
	EndGlobalSection
	GlobalSection(ExtensibilityGlobals) = postSolution
		SolutionGuid = {9F2B3961-C5BD-431A-9496-C546BC5780E9}
	EndGlobalSection
EndGlobal
