
Microsoft Visual Studio Solution File, Format Version 12.00
# Visual Studio 15
VisualStudioVersion = 15.0.27004.2009
MinimumVisualStudioVersion = 10.0.40219.1
Project("{FAE04EC0-301F-11D3-BF4B-00C04F79EFBC}") = "TwoNumbers", "TwoNumbers\TwoNumbers.csproj", "{3D26D3AC-BC7C-44B7-9DAC-1C9CA25B4FEA}"
EndProject
Global
	GlobalSection(SolutionConfigurationPlatforms) = preSolution
		Debug|Any CPU = Debug|Any CPU
		Release|Any CPU = Release|Any CPU
	EndGlobalSection
	GlobalSection(ProjectConfigurationPlatforms) = postSolution
		{3D26D3AC-BC7C-44B7-9DAC-1C9CA25B4FEA}.Debug|Any CPU.ActiveCfg = Debug|Any CPU
		{3D26D3AC-BC7C-44B7-9DAC-1C9CA25B4FEA}.Debug|Any CPU.Build.0 = Debug|Any CPU
		{3D26D3AC-BC7C-44B7-9DAC-1C9CA25B4FEA}.Release|Any CPU.ActiveCfg = Release|Any CPU
		{3D26D3AC-BC7C-44B7-9DAC-1C9CA25B4FEA}.Release|Any CPU.Build.0 = Release|Any CPU
	EndGlobalSection
	GlobalSection(SolutionProperties) = preSolution
		HideSolutionNode = FALSE
	EndGlobalSection
	GlobalSection(ExtensibilityGlobals) = postSolution
		SolutionGuid = {BBF0B2B1-776B-43AE-9393-5F26AE2CBFB2}
	EndGlobalSection
EndGlobal
