
Microsoft Visual Studio Solution File, Format Version 12.00
# Visual Studio 15
VisualStudioVersion = 15.0.27004.2009
MinimumVisualStudioVersion = 10.0.40219.1
Project("{FAE04EC0-301F-11D3-BF4B-00C04F79EFBC}") = "Animal", "Animal\Animal.csproj", "{E2CCC5AC-6B61-45CF-BBC8-F8DD2D3E83B8}"
EndProject
Global
	GlobalSection(SolutionConfigurationPlatforms) = preSolution
		Debug|Any CPU = Debug|Any CPU
		Release|Any CPU = Release|Any CPU
	EndGlobalSection
	GlobalSection(ProjectConfigurationPlatforms) = postSolution
		{E2CCC5AC-6B61-45CF-BBC8-F8DD2D3E83B8}.Debug|Any CPU.ActiveCfg = Debug|Any CPU
		{E2CCC5AC-6B61-45CF-BBC8-F8DD2D3E83B8}.Debug|Any CPU.Build.0 = Debug|Any CPU
		{E2CCC5AC-6B61-45CF-BBC8-F8DD2D3E83B8}.Release|Any CPU.ActiveCfg = Release|Any CPU
		{E2CCC5AC-6B61-45CF-BBC8-F8DD2D3E83B8}.Release|Any CPU.Build.0 = Release|Any CPU
	EndGlobalSection
	GlobalSection(SolutionProperties) = preSolution
		HideSolutionNode = FALSE
	EndGlobalSection
	GlobalSection(ExtensibilityGlobals) = postSolution
		SolutionGuid = {E7DBD18C-2528-4E6E-9300-570E12E5D7B4}
	EndGlobalSection
EndGlobal
