
Microsoft Visual Studio Solution File, Format Version 12.00
# Visual Studio 15
VisualStudioVersion = 15.0.27004.2009
MinimumVisualStudioVersion = 10.0.40219.1
Project("{FAE04EC0-301F-11D3-BF4B-00C04F79EFBC}") = "UrlFixer", "UrlFixer\UrlFixer.csproj", "{C1E032E2-3DA0-4177-9A45-EE21926AABD0}"
EndProject
Global
	GlobalSection(SolutionConfigurationPlatforms) = preSolution
		Debug|Any CPU = Debug|Any CPU
		Release|Any CPU = Release|Any CPU
	EndGlobalSection
	GlobalSection(ProjectConfigurationPlatforms) = postSolution
		{C1E032E2-3DA0-4177-9A45-EE21926AABD0}.Debug|Any CPU.ActiveCfg = Debug|Any CPU
		{C1E032E2-3DA0-4177-9A45-EE21926AABD0}.Debug|Any CPU.Build.0 = Debug|Any CPU
		{C1E032E2-3DA0-4177-9A45-EE21926AABD0}.Release|Any CPU.ActiveCfg = Release|Any CPU
		{C1E032E2-3DA0-4177-9A45-EE21926AABD0}.Release|Any CPU.Build.0 = Release|Any CPU
	EndGlobalSection
	GlobalSection(SolutionProperties) = preSolution
		HideSolutionNode = FALSE
	EndGlobalSection
	GlobalSection(ExtensibilityGlobals) = postSolution
		SolutionGuid = {9FAC31DA-363E-497B-9F5A-85CFDC94D7C2}
	EndGlobalSection
EndGlobal
